
Microsoft Visual Studio Solution File, Format Version 11.00
# Visual Studio 2010
Project("{FAE04EC0-301F-11D3-BF4B-00C04F79EFBC}") = "CalendarEntry", "CalendarEntry\CalendarEntry.csproj", "{375C3AB0-F37C-4F8E-9F04-2E70CED635C7}"
EndProject
Project("{FAE04EC0-301F-11D3-BF4B-00C04F79EFBC}") = "ContactManager", "ContactManager\ContactManager.csproj", "{696A7E32-E9D2-49D2-A52A-4B4DD0741B6F}"
EndProject
Project("{FAE04EC0-301F-11D3-BF4B-00C04F79EFBC}") = "WeatherWidget", "WeatherWidget\WeatherWidget.csproj", "{8235DC35-C7EF-4E60-9EEB-750CBA9E6866}"
EndProject
Global
	GlobalSection(SolutionConfigurationPlatforms) = preSolution
		Debug|Any CPU = Debug|Any CPU
		Release|Any CPU = Release|Any CPU
	EndGlobalSection
	GlobalSection(ProjectConfigurationPlatforms) = postSolution
		{375C3AB0-F37C-4F8E-9F04-2E70CED635C7}.Debug|Any CPU.ActiveCfg = Debug|Any CPU
		{375C3AB0-F37C-4F8E-9F04-2E70CED635C7}.Debug|Any CPU.Build.0 = Debug|Any CPU
		{375C3AB0-F37C-4F8E-9F04-2E70CED635C7}.Release|Any CPU.ActiveCfg = Release|Any CPU
		{375C3AB0-F37C-4F8E-9F04-2E70CED635C7}.Release|Any CPU.Build.0 = Release|Any CPU
		{696A7E32-E9D2-49D2-A52A-4B4DD0741B6F}.Debug|Any CPU.ActiveCfg = Debug|Any CPU
		{696A7E32-E9D2-49D2-A52A-4B4DD0741B6F}.Debug|Any CPU.Build.0 = Debug|Any CPU
		{696A7E32-E9D2-49D2-A52A-4B4DD0741B6F}.Release|Any CPU.ActiveCfg = Release|Any CPU
		{696A7E32-E9D2-49D2-A52A-4B4DD0741B6F}.Release|Any CPU.Build.0 = Release|Any CPU
		{8235DC35-C7EF-4E60-9EEB-750CBA9E6866}.Debug|Any CPU.ActiveCfg = Debug|Any CPU
		{8235DC35-C7EF-4E60-9EEB-750CBA9E6866}.Debug|Any CPU.Build.0 = Debug|Any CPU
		{8235DC35-C7EF-4E60-9EEB-750CBA9E6866}.Release|Any CPU.ActiveCfg = Release|Any CPU
		{8235DC35-C7EF-4E60-9EEB-750CBA9E6866}.Release|Any CPU.Build.0 = Release|Any CPU
	EndGlobalSection
	GlobalSection(SolutionProperties) = preSolution
		HideSolutionNode = FALSE
	EndGlobalSection
EndGlobal
